
Microsoft Visual Studio Solution File, Format Version 12.00
# Visual Studio Version 17
VisualStudioVersion = 17.9.34902.65
MinimumVisualStudioVersion = 10.0.40219.1
Project("{2150E333-8FDC-42A3-9474-1A3956D46DE8}") = "src", "src", "{B4546EFF-1B85-4952-A4FE-A8009EF4782E}"
EndProject
Project("{2150E333-8FDC-42A3-9474-1A3956D46DE8}") = "1 - Host", "1 - Host", "{CEABCA12-B0DE-473F-9D6B-84BC58D85101}"
EndProject
Project("{FAE04EC0-301F-11D3-BF4B-00C04F79EFBC}") = "WebApi", "src\WebApi\WebApi.csproj", "{3721D102-0F9F-4D0E-BB3F-2883FE8DC5E7}"
EndProject
Project("{2150E333-8FDC-42A3-9474-1A3956D46DE8}") = "2 - Application", "2 - Application", "{C42756D3-B334-45F5-A4DB-24AB2D7CE1DC}"
EndProject
Project("{FAE04EC0-301F-11D3-BF4B-00C04F79EFBC}") = "Application", "src\Application\Application.csproj", "{08E21A2F-58E4-4BD5-BDB6-4CCA87D7EFE4}"
EndProject
Project("{2150E333-8FDC-42A3-9474-1A3956D46DE8}") = "3 - Domain", "3 - Domain", "{E4D792A5-BAE7-45C7-A12B-23E938238BEE}"
EndProject
Project("{FAE04EC0-301F-11D3-BF4B-00C04F79EFBC}") = "Domain", "src\Domain\Domain.csproj", "{07DDF41F-2A91-4719-8FDC-BB647B35D237}"
EndProject
Project("{2150E333-8FDC-42A3-9474-1A3956D46DE8}") = "4 - Infrastructure", "4 - Infrastructure", "{B2486BF6-6C4F-4F92-9F48-3FCC9DC4837D}"
EndProject
Project("{FAE04EC0-301F-11D3-BF4B-00C04F79EFBC}") = "Infrastructure", "src\Infrastructure\Infrastructure.csproj", "{C16C6EE0-06AA-498E-8504-206200CFA96A}"
EndProject
Project("{2150E333-8FDC-42A3-9474-1A3956D46DE8}") = "tests", "tests", "{8BDDDD51-44AB-4441-AF3B-B6EC3370C919}"
EndProject
Project("{FAE04EC0-301F-11D3-BF4B-00C04F79EFBC}") = "Application.UnitTests", "tests\Application.UnitTests\Application.UnitTests.csproj", "{08C0CD0B-0EAB-4BE2-8165-4E4AFBE8E325}"
EndProject
Project("{FAE04EC0-301F-11D3-BF4B-00C04F79EFBC}") = "Domain.UnitTests", "tests\Domain.UnitTests\Domain.UnitTests.csproj", "{62743C72-6065-4B67-90A5-DD90DA7F089A}"
EndProject
Project("{FAE04EC0-301F-11D3-BF4B-00C04F79EFBC}") = "Infrastructure.UnitTests", "tests\Infrastructure.UnitTests\Infrastructure.UnitTests.csproj", "{90CC833C-8D52-42E7-9F8A-2666B6995B61}"
EndProject
Global
	GlobalSection(SolutionConfigurationPlatforms) = preSolution
		Debug|Any CPU = Debug|Any CPU
		Release|Any CPU = Release|Any CPU
	EndGlobalSection
	GlobalSection(ProjectConfigurationPlatforms) = postSolution
		{3721D102-0F9F-4D0E-BB3F-2883FE8DC5E7}.Debug|Any CPU.ActiveCfg = Debug|Any CPU
		{3721D102-0F9F-4D0E-BB3F-2883FE8DC5E7}.Debug|Any CPU.Build.0 = Debug|Any CPU
		{3721D102-0F9F-4D0E-BB3F-2883FE8DC5E7}.Release|Any CPU.ActiveCfg = Release|Any CPU
		{3721D102-0F9F-4D0E-BB3F-2883FE8DC5E7}.Release|Any CPU.Build.0 = Release|Any CPU
		{08E21A2F-58E4-4BD5-BDB6-4CCA87D7EFE4}.Debug|Any CPU.ActiveCfg = Debug|Any CPU
		{08E21A2F-58E4-4BD5-BDB6-4CCA87D7EFE4}.Debug|Any CPU.Build.0 = Debug|Any CPU
		{08E21A2F-58E4-4BD5-BDB6-4CCA87D7EFE4}.Release|Any CPU.ActiveCfg = Release|Any CPU
		{08E21A2F-58E4-4BD5-BDB6-4CCA87D7EFE4}.Release|Any CPU.Build.0 = Release|Any CPU
		{07DDF41F-2A91-4719-8FDC-BB647B35D237}.Debug|Any CPU.ActiveCfg = Debug|Any CPU
		{07DDF41F-2A91-4719-8FDC-BB647B35D237}.Debug|Any CPU.Build.0 = Debug|Any CPU
		{07DDF41F-2A91-4719-8FDC-BB647B35D237}.Release|Any CPU.ActiveCfg = Release|Any CPU
		{07DDF41F-2A91-4719-8FDC-BB647B35D237}.Release|Any CPU.Build.0 = Release|Any CPU
		{C16C6EE0-06AA-498E-8504-206200CFA96A}.Debug|Any CPU.ActiveCfg = Debug|Any CPU
		{C16C6EE0-06AA-498E-8504-206200CFA96A}.Debug|Any CPU.Build.0 = Debug|Any CPU
		{C16C6EE0-06AA-498E-8504-206200CFA96A}.Release|Any CPU.ActiveCfg = Release|Any CPU
		{C16C6EE0-06AA-498E-8504-206200CFA96A}.Release|Any CPU.Build.0 = Release|Any CPU
		{08C0CD0B-0EAB-4BE2-8165-4E4AFBE8E325}.Debug|Any CPU.ActiveCfg = Debug|Any CPU
		{08C0CD0B-0EAB-4BE2-8165-4E4AFBE8E325}.Debug|Any CPU.Build.0 = Debug|Any CPU
		{08C0CD0B-0EAB-4BE2-8165-4E4AFBE8E325}.Release|Any CPU.ActiveCfg = Release|Any CPU
		{08C0CD0B-0EAB-4BE2-8165-4E4AFBE8E325}.Release|Any CPU.Build.0 = Release|Any CPU
		{62743C72-6065-4B67-90A5-DD90DA7F089A}.Debug|Any CPU.ActiveCfg = Debug|Any CPU
		{62743C72-6065-4B67-90A5-DD90DA7F089A}.Debug|Any CPU.Build.0 = Debug|Any CPU
		{62743C72-6065-4B67-90A5-DD90DA7F089A}.Release|Any CPU.ActiveCfg = Release|Any CPU
		{62743C72-6065-4B67-90A5-DD90DA7F089A}.Release|Any CPU.Build.0 = Release|Any CPU
		{90CC833C-8D52-42E7-9F8A-2666B6995B61}.Debug|Any CPU.ActiveCfg = Debug|Any CPU
		{90CC833C-8D52-42E7-9F8A-2666B6995B61}.Debug|Any CPU.Build.0 = Debug|Any CPU
		{90CC833C-8D52-42E7-9F8A-2666B6995B61}.Release|Any CPU.ActiveCfg = Release|Any CPU
		{90CC833C-8D52-42E7-9F8A-2666B6995B61}.Release|Any CPU.Build.0 = Release|Any CPU
	EndGlobalSection
	GlobalSection(SolutionProperties) = preSolution
		HideSolutionNode = FALSE
	EndGlobalSection
	GlobalSection(NestedProjects) = preSolution
		{CEABCA12-B0DE-473F-9D6B-84BC58D85101} = {B4546EFF-1B85-4952-A4FE-A8009EF4782E}
		{3721D102-0F9F-4D0E-BB3F-2883FE8DC5E7} = {CEABCA12-B0DE-473F-9D6B-84BC58D85101}
		{C42756D3-B334-45F5-A4DB-24AB2D7CE1DC} = {B4546EFF-1B85-4952-A4FE-A8009EF4782E}
		{08E21A2F-58E4-4BD5-BDB6-4CCA87D7EFE4} = {C42756D3-B334-45F5-A4DB-24AB2D7CE1DC}
		{E4D792A5-BAE7-45C7-A12B-23E938238BEE} = {B4546EFF-1B85-4952-A4FE-A8009EF4782E}
		{07DDF41F-2A91-4719-8FDC-BB647B35D237} = {E4D792A5-BAE7-45C7-A12B-23E938238BEE}
		{B2486BF6-6C4F-4F92-9F48-3FCC9DC4837D} = {B4546EFF-1B85-4952-A4FE-A8009EF4782E}
		{C16C6EE0-06AA-498E-8504-206200CFA96A} = {B2486BF6-6C4F-4F92-9F48-3FCC9DC4837D}
		{08C0CD0B-0EAB-4BE2-8165-4E4AFBE8E325} = {8BDDDD51-44AB-4441-AF3B-B6EC3370C919}
		{62743C72-6065-4B67-90A5-DD90DA7F089A} = {8BDDDD51-44AB-4441-AF3B-B6EC3370C919}
		{90CC833C-8D52-42E7-9F8A-2666B6995B61} = {8BDDDD51-44AB-4441-AF3B-B6EC3370C919}
	EndGlobalSection
	GlobalSection(ExtensibilityGlobals) = postSolution
		SolutionGuid = {466D41C5-CC22-471A-A1EA-F80E2C85DF13}
	EndGlobalSection
EndGlobal
